// !$*UTF8*$!
{
	archiveVersion = 1;
	classes = {
	};
	objectVersion = 46;
	objects = {

/* Begin PBXBuildFile section */
		53DBCFF21E6FDB6D008ED93A /* main.m in Sources */ = {isa = PBXBuildFile; fileRef = 53DBCFF11E6FDB6D008ED93A /* main.m */; };
		53DBCFF51E6FDB6D008ED93A /* AppDelegate.m in Sources */ = {isa = PBXBuildFile; fileRef = 53DBCFF41E6FDB6D008ED93A /* AppDelegate.m */; };
		53DBCFF81E6FDB6D008ED93A /* ViewController.m in Sources */ = {isa = PBXBuildFile; fileRef = 53DBCFF71E6FDB6D008ED93A /* ViewController.m */; };
		53DBCFFB1E6FDB6D008ED93A /* Main.storyboard in Resources */ = {isa = PBXBuildFile; fileRef = 53DBCFF91E6FDB6D008ED93A /* Main.storyboard */; };
		53DBCFFD1E6FDB6D008ED93A /* Assets.xcassets in Resources */ = {isa = PBXBuildFile; fileRef = 53DBCFFC1E6FDB6D008ED93A /* Assets.xcassets */; };
		53DBD0001E6FDB6D008ED93A /* LaunchScreen.storyboard in Resources */ = {isa = PBXBuildFile; fileRef = 53DBCFFE1E6FDB6D008ED93A /* LaunchScreen.storyboard */; };
		53DBD00B1E6FDB6D008ED93A /* MJButtonTests.m in Sources */ = {isa = PBXBuildFile; fileRef = 53DBD00A1E6FDB6D008ED93A /* MJButtonTests.m */; };
		53DBD0161E6FDB6D008ED93A /* MJButtonUITests.m in Sources */ = {isa = PBXBuildFile; fileRef = 53DBD0151E6FDB6D008ED93A /* MJButtonUITests.m */; };
		53DBD0251E6FDBEE008ED93A /* MJButton.m in Sources */ = {isa = PBXBuildFile; fileRef = 53DBD0241E6FDBEE008ED93A /* MJButton.m */; };
		53DBD0291E6FE1F4008ED93A /* QRCode.png in Resources */ = {isa = PBXBuildFile; fileRef = 53DBD0281E6FE1F4008ED93A /* QRCode.png */; };
/* End PBXBuildFile section */

/* Begin PBXContainerItemProxy section */
		53DBD0071E6FDB6D008ED93A /* PBXContainerItemProxy */ = {
			isa = PBXContainerItemProxy;
			containerPortal = 53DBCFE51E6FDB6D008ED93A /* Project object */;
			proxyType = 1;
			remoteGlobalIDString = 53DBCFEC1E6FDB6D008ED93A;
			remoteInfo = MJButton;
		};
		53DBD0121E6FDB6D008ED93A /* PBXContainerItemProxy */ = {
			isa = PBXContainerItemProxy;
			containerPortal = 53DBCFE51E6FDB6D008ED93A /* Project object */;
			proxyType = 1;
			remoteGlobalIDString = 53DBCFEC1E6FDB6D008ED93A;
			remoteInfo = MJButton;
		};
/* End PBXContainerItemProxy section */

/* Begin PBXFileReference section */
		53DBCFED1E6FDB6D008ED93A /* MJButton.app */ = {isa = PBXFileReference; explicitFileType = wrapper.application; includeInIndex = 0; path = MJButton.app; sourceTree = BUILT_PRODUCTS_DIR; };
		53DBCFF11E6FDB6D008ED93A /* main.m */ = {isa = PBXFileReference; lastKnownFileType = sourcecode.c.objc; path = main.m; sourceTree = "<group>"; };
		53DBCFF31E6FDB6D008ED93A /* AppDelegate.h */ = {isa = PBXFileReference; lastKnownFileType = sourcecode.c.h; path = AppDelegate.h; sourceTree = "<group>"; };
		53DBCFF41E6FDB6D008ED93A /* AppDelegate.m */ = {isa = PBXFileReference; lastKnownFileType = sourcecode.c.objc; path = AppDelegate.m; sourceTree = "<group>"; };
		53DBCFF61E6FDB6D008ED93A /* ViewController.h */ = {isa = PBXFileReference; lastKnownFileType = sourcecode.c.h; path = ViewController.h; sourceTree = "<group>"; };
		53DBCFF71E6FDB6D008ED93A /* ViewController.m */ = {isa = PBXFileReference; lastKnownFileType = sourcecode.c.objc; path = ViewController.m; sourceTree = "<group>"; };
		53DBCFFA1E6FDB6D008ED93A /* Base */ = {isa = PBXFileReference; lastKnownFileType = file.storyboard; name = Base; path = Base.lproj/Main.storyboard; sourceTree = "<group>"; };
		53DBCFFC1E6FDB6D008ED93A /* Assets.xcassets */ = {isa = PBXFileReference; lastKnownFileType = folder.assetcatalog; path = Assets.xcassets; sourceTree = "<group>"; };
		53DBCFFF1E6FDB6D008ED93A /* Base */ = {isa = PBXFileReference; lastKnownFileType = file.storyboard; name = Base; path = Base.lproj/LaunchScreen.storyboard; sourceTree = "<group>"; };
		53DBD0011E6FDB6D008ED93A /* Info.plist */ = {isa = PBXFileReference; lastKnownFileType = text.plist.xml; path = Info.plist; sourceTree = "<group>"; };
		53DBD0061E6FDB6D008ED93A /* MJButtonTests.xctest */ = {isa = PBXFileReference; explicitFileType = wrapper.cfbundle; includeInIndex = 0; path = MJButtonTests.xctest; sourceTree = BUILT_PRODUCTS_DIR; };
		53DBD00A1E6FDB6D008ED93A /* MJButtonTests.m */ = {isa = PBXFileReference; lastKnownFileType = sourcecode.c.objc; path = MJButtonTests.m; sourceTree = "<group>"; };
		53DBD00C1E6FDB6D008ED93A /* Info.plist */ = {isa = PBXFileReference; lastKnownFileType = text.plist.xml; path = Info.plist; sourceTree = "<group>"; };
		53DBD0111E6FDB6D008ED93A /* MJButtonUITests.xctest */ = {isa = PBXFileReference; explicitFileType = wrapper.cfbundle; includeInIndex = 0; path = MJButtonUITests.xctest; sourceTree = BUILT_PRODUCTS_DIR; };
		53DBD0151E6FDB6D008ED93A /* MJButtonUITests.m */ = {isa = PBXFileReference; lastKnownFileType = sourcecode.c.objc; path = MJButtonUITests.m; sourceTree = "<group>"; };
		53DBD0171E6FDB6D008ED93A /* Info.plist */ = {isa = PBXFileReference; lastKnownFileType = text.plist.xml; path = Info.plist; sourceTree = "<group>"; };
		53DBD0231E6FDBEE008ED93A /* MJButton.h */ = {isa = PBXFileReference; fileEncoding = 4; lastKnownFileType = sourcecode.c.h; path = MJButton.h; sourceTree = "<group>"; };
		53DBD0241E6FDBEE008ED93A /* MJButton.m */ = {isa = PBXFileReference; fileEncoding = 4; lastKnownFileType = sourcecode.c.objc; path = MJButton.m; sourceTree = "<group>"; };
		53DBD0281E6FE1F4008ED93A /* QRCode.png */ = {isa = PBXFileReference; lastKnownFileType = image.png; path = QRCode.png; sourceTree = "<group>"; };
/* End PBXFileReference section */

/* Begin PBXFrameworksBuildPhase section */
		53DBCFEA1E6FDB6D008ED93A /* Frameworks */ = {
			isa = PBXFrameworksBuildPhase;
			buildActionMask = 2147483647;
			files = (
			);
			runOnlyForDeploymentPostprocessing = 0;
		};
		53DBD0031E6FDB6D008ED93A /* Frameworks */ = {
			isa = PBXFrameworksBuildPhase;
			buildActionMask = 2147483647;
			files = (
			);
			runOnlyForDeploymentPostprocessing = 0;
		};
		53DBD00E1E6FDB6D008ED93A /* Frameworks */ = {
			isa = PBXFrameworksBuildPhase;
			buildActionMask = 2147483647;
			files = (
			);
			runOnlyForDeploymentPostprocessing = 0;
		};
/* End PBXFrameworksBuildPhase section */

/* Begin PBXGroup section */
		53DBCFE41E6FDB6D008ED93A = {
			isa = PBXGroup;
			children = (
				53DBCFEF1E6FDB6D008ED93A /* MJButton */,
				53DBD0091E6FDB6D008ED93A /* MJButtonTests */,
				53DBD0141E6FDB6D008ED93A /* MJButtonUITests */,
				53DBCFEE1E6FDB6D008ED93A /* Products */,
			);
			sourceTree = "<group>";
		};
		53DBCFEE1E6FDB6D008ED93A /* Products */ = {
			isa = PBXGroup;
			children = (
				53DBCFED1E6FDB6D008ED93A /* MJButton.app */,
				53DBD0061E6FDB6D008ED93A /* MJButtonTests.xctest */,
				53DBD0111E6FDB6D008ED93A /* MJButtonUITests.xctest */,
			);
			name = Products;
			sourceTree = "<group>";
		};
		53DBCFEF1E6FDB6D008ED93A /* MJButton */ = {
			isa = PBXGroup;
			children = (
				53DBD0281E6FE1F4008ED93A /* QRCode.png */,
				53DBCFF31E6FDB6D008ED93A /* AppDelegate.h */,
				53DBCFF41E6FDB6D008ED93A /* AppDelegate.m */,
				53DBCFF61E6FDB6D008ED93A /* ViewController.h */,
				53DBCFF71E6FDB6D008ED93A /* ViewController.m */,
				53DBCFF91E6FDB6D008ED93A /* Main.storyboard */,
				53DBCFFC1E6FDB6D008ED93A /* Assets.xcassets */,
				53DBCFFE1E6FDB6D008ED93A /* LaunchScreen.storyboard */,
				53DBD0011E6FDB6D008ED93A /* Info.plist */,
				53DBCFF01E6FDB6D008ED93A /* Supporting Files */,
				53DBD0231E6FDBEE008ED93A /* MJButton.h */,
				53DBD0241E6FDBEE008ED93A /* MJButton.m */,
			);
			path = MJButton;
			sourceTree = "<group>";
		};
		53DBCFF01E6FDB6D008ED93A /* Supporting Files */ = {
			isa = PBXGroup;
			children = (
				53DBCFF11E6FDB6D008ED93A /* main.m */,
			);
			name = "Supporting Files";
			sourceTree = "<group>";
		};
		53DBD0091E6FDB6D008ED93A /* MJButtonTests */ = {
			isa = PBXGroup;
			children = (
				53DBD00A1E6FDB6D008ED93A /* MJButtonTests.m */,
				53DBD00C1E6FDB6D008ED93A /* Info.plist */,
			);
			path = MJButtonTests;
			sourceTree = "<group>";
		};
		53DBD0141E6FDB6D008ED93A /* MJButtonUITests */ = {
			isa = PBXGroup;
			children = (
				53DBD0151E6FDB6D008ED93A /* MJButtonUITests.m */,
				53DBD0171E6FDB6D008ED93A /* Info.plist */,
			);
			path = MJButtonUITests;
			sourceTree = "<group>";
		};
/* End PBXGroup section */

/* Begin PBXNativeTarget section */
		53DBCFEC1E6FDB6D008ED93A /* MJButton */ = {
			isa = PBXNativeTarget;
			buildConfigurationList = 53DBD01A1E6FDB6D008ED93A /* Build configuration list for PBXNativeTarget "MJButton" */;
			buildPhases = (
				53DBCFE91E6FDB6D008ED93A /* Sources */,
				53DBCFEA1E6FDB6D008ED93A /* Frameworks */,
				53DBCFEB1E6FDB6D008ED93A /* Resources */,
			);
			buildRules = (
			);
			dependencies = (
			);
			name = MJButton;
			productName = MJButton;
			productReference = 53DBCFED1E6FDB6D008ED93A /* MJButton.app */;
			productType = "com.apple.product-type.application";
		};
		53DBD0051E6FDB6D008ED93A /* MJButtonTests */ = {
			isa = PBXNativeTarget;
			buildConfigurationList = 53DBD01D1E6FDB6D008ED93A /* Build configuration list for PBXNativeTarget "MJButtonTests" */;
			buildPhases = (
				53DBD0021E6FDB6D008ED93A /* Sources */,
				53DBD0031E6FDB6D008ED93A /* Frameworks */,
				53DBD0041E6FDB6D008ED93A /* Resources */,
			);
			buildRules = (
			);
			dependencies = (
				53DBD0081E6FDB6D008ED93A /* PBXTargetDependency */,
			);
			name = MJButtonTests;
			productName = MJButtonTests;
			productReference = 53DBD0061E6FDB6D008ED93A /* MJButtonTests.xctest */;
			productType = "com.apple.product-type.bundle.unit-test";
		};
		53DBD0101E6FDB6D008ED93A /* MJButtonUITests */ = {
			isa = PBXNativeTarget;
			buildConfigurationList = 53DBD0201E6FDB6D008ED93A /* Build configuration list for PBXNativeTarget "MJButtonUITests" */;
			buildPhases = (
				53DBD00D1E6FDB6D008ED93A /* Sources */,
				53DBD00E1E6FDB6D008ED93A /* Frameworks */,
				53DBD00F1E6FDB6D008ED93A /* Resources */,
			);
			buildRules = (
			);
			dependencies = (
				53DBD0131E6FDB6D008ED93A /* PBXTargetDependency */,
			);
			name = MJButtonUITests;
			productName = MJButtonUITests;
			productReference = 53DBD0111E6FDB6D008ED93A /* MJButtonUITests.xctest */;
			productType = "com.apple.product-type.bundle.ui-testing";
		};
/* End PBXNativeTarget section */

/* Begin PBXProject section */
		53DBCFE51E6FDB6D008ED93A /* Project object */ = {
			isa = PBXProject;
			attributes = {
				LastUpgradeCheck = 0820;
				ORGANIZATIONNAME = MJJ;
				TargetAttributes = {
					53DBCFEC1E6FDB6D008ED93A = {
						CreatedOnToolsVersion = 8.2.1;
						ProvisioningStyle = Automatic;
					};
					53DBD0051E6FDB6D008ED93A = {
						CreatedOnToolsVersion = 8.2.1;
						ProvisioningStyle = Automatic;
						TestTargetID = 53DBCFEC1E6FDB6D008ED93A;
					};
					53DBD0101E6FDB6D008ED93A = {
						CreatedOnToolsVersion = 8.2.1;
						ProvisioningStyle = Automatic;
						TestTargetID = 53DBCFEC1E6FDB6D008ED93A;
					};
				};
			};
			buildConfigurationList = 53DBCFE81E6FDB6D008ED93A /* Build configuration list for PBXProject "MJButton" */;
			compatibilityVersion = "Xcode 3.2";
			developmentRegion = English;
			hasScannedForEncodings = 0;
			knownRegions = (
				en,
				Base,
			);
			mainGroup = 53DBCFE41E6FDB6D008ED93A;
			productRefGroup = 53DBCFEE1E6FDB6D008ED93A /* Products */;
			projectDirPath = "";
			projectRoot = "";
			targets = (
				53DBCFEC1E6FDB6D008ED93A /* MJButton */,
				53DBD0051E6FDB6D008ED93A /* MJButtonTests */,
				53DBD0101E6FDB6D008ED93A /* MJButtonUITests */,
			);
		};
/* End PBXProject section */

/* Begin PBXResourcesBuildPhase section */
		53DBCFEB1E6FDB6D008ED93A /* Resources */ = {
			isa = PBXResourcesBuildPhase;
			buildActionMask = 2147483647;
			files = (
				53DBD0001E6FDB6D008ED93A /* LaunchScreen.storyboard in Resources */,
				53DBCFFD1E6FDB6D008ED93A /* Assets.xcassets in Resources */,
				53DBCFFB1E6FDB6D008ED93A /* Main.storyboard in Resources */,
				53DBD0291E6FE1F4008ED93A /* QRCode.png in Resources */,
			);
			runOnlyForDeploymentPostprocessing = 0;
		};
		53DBD0041E6FDB6D008ED93A /* Resources */ = {
			isa = PBXResourcesBuildPhase;
			buildActionMask = 2147483647;
			files = (
			);
			runOnlyForDeploymentPostprocessing = 0;
		};
		53DBD00F1E6FDB6D008ED93A /* Resources */ = {
			isa = PBXResourcesBuildPhase;
			buildActionMask = 2147483647;
			files = (
			);
			runOnlyForDeploymentPostprocessing = 0;
		};
/* End PBXResourcesBuildPhase section */

/* Begin PBXSourcesBuildPhase section */
		53DBCFE91E6FDB6D008ED93A /* Sources */ = {
			isa = PBXSourcesBuildPhase;
			buildActionMask = 2147483647;
			files = (
				53DBD0251E6FDBEE008ED93A /* MJButton.m in Sources */,
				53DBCFF81E6FDB6D008ED93A /* ViewController.m in Sources */,
				53DBCFF51E6FDB6D008ED93A /* AppDelegate.m in Sources */,
				53DBCFF21E6FDB6D008ED93A /* main.m in Sources */,
			);
			runOnlyForDeploymentPostprocessing = 0;
		};
		53DBD0021E6FDB6D008ED93A /* Sources */ = {
			isa = PBXSourcesBuildPhase;
			buildActionMask = 2147483647;
			files = (
				53DBD00B1E6FDB6D008ED93A /* MJButtonTests.m in Sources */,
			);
			runOnlyForDeploymentPostprocessing = 0;
		};
		53DBD00D1E6FDB6D008ED93A /* Sources */ = {
			isa = PBXSourcesBuildPhase;
			buildActionMask = 2147483647;
			files = (
				53DBD0161E6FDB6D008ED93A /* MJButtonUITests.m in Sources */,
			);
			runOnlyForDeploymentPostprocessing = 0;
		};
/* End PBXSourcesBuildPhase section */

/* Begin PBXTargetDependency section */
		53DBD0081E6FDB6D008ED93A /* PBXTargetDependency */ = {
			isa = PBXTargetDependency;
			target = 53DBCFEC1E6FDB6D008ED93A /* MJButton */;
			targetProxy = 53DBD0071E6FDB6D008ED93A /* PBXContainerItemProxy */;
		};
		53DBD0131E6FDB6D008ED93A /* PBXTargetDependency */ = {
			isa = PBXTargetDependency;
			target = 53DBCFEC1E6FDB6D008ED93A /* MJButton */;
			targetProxy = 53DBD0121E6FDB6D008ED93A /* PBXContainerItemProxy */;
		};
/* End PBXTargetDependency section */

/* Begin PBXVariantGroup section */
		53DBCFF91E6FDB6D008ED93A /* Main.storyboard */ = {
			isa = PBXVariantGroup;
			children = (
				53DBCFFA1E6FDB6D008ED93A /* Base */,
			);
			name = Main.storyboard;
			sourceTree = "<group>";
		};
		53DBCFFE1E6FDB6D008ED93A /* LaunchScreen.storyboard */ = {
			isa = PBXVariantGroup;
			children = (
				53DBCFFF1E6FDB6D008ED93A /* Base */,
			);
			name = LaunchScreen.storyboard;
			sourceTree = "<group>";
		};
/* End PBXVariantGroup section */

/* Begin XCBuildConfiguration section */
		53DBD0181E6FDB6D008ED93A /* Debug */ = {
			isa = XCBuildConfiguration;
			buildSettings = {
				ALWAYS_SEARCH_USER_PATHS = NO;
				CLANG_ANALYZER_NONNULL = YES;
				CLANG_CXX_LANGUAGE_STANDARD = "gnu++0x";
				CLANG_CXX_LIBRARY = "libc++";
				CLANG_ENABLE_MODULES = YES;
				CLANG_ENABLE_OBJC_ARC = YES;
				CLANG_WARN_BOOL_CONVERSION = YES;
				CLANG_WARN_CONSTANT_CONVERSION = YES;
				CLANG_WARN_DIRECT_OBJC_ISA_USAGE = YES_ERROR;
				CLANG_WARN_DOCUMENTATION_COMMENTS = YES;
				CLANG_WARN_EMPTY_BODY = YES;
				CLANG_WARN_ENUM_CONVERSION = YES;
				CLANG_WARN_INFINITE_RECURSION = YES;
				CLANG_WARN_INT_CONVERSION = YES;
				CLANG_WARN_OBJC_ROOT_CLASS = YES_ERROR;
				CLANG_WARN_SUSPICIOUS_MOVE = YES;
				CLANG_WARN_UNREACHABLE_CODE = YES;
				CLANG_WARN__DUPLICATE_METHOD_MATCH = YES;
				"CODE_SIGN_IDENTITY[sdk=iphoneos*]" = "iPhone Developer";
				COPY_PHASE_STRIP = NO;
				DEBUG_INFORMATION_FORMAT = dwarf;
				ENABLE_STRICT_OBJC_MSGSEND = YES;
				ENABLE_TESTABILITY = YES;
				GCC_C_LANGUAGE_STANDARD = gnu99;
				GCC_DYNAMIC_NO_PIC = NO;
				GCC_NO_COMMON_BLOCKS = YES;
				GCC_OPTIMIZATION_LEVEL = 0;
				GCC_PREPROCESSOR_DEFINITIONS = (
					"DEBUG=1",
					"$(inherited)",
				);
				GCC_WARN_64_TO_32_BIT_CONVERSION = YES;
				GCC_WARN_ABOUT_RETURN_TYPE = YES_ERROR;
				GCC_WARN_UNDECLARED_SELECTOR = YES;
				GCC_WARN_UNINITIALIZED_AUTOS = YES_AGGRESSIVE;
				GCC_WARN_UNUSED_FUNCTION = YES;
				GCC_WARN_UNUSED_VARIABLE = YES;
				IPHONEOS_DEPLOYMENT_TARGET = 10.2;
				MTL_ENABLE_DEBUG_INFO = YES;
				ONLY_ACTIVE_ARCH = YES;
				SDKROOT = iphoneos;
				TARGETED_DEVICE_FAMILY = "1,2";
			};
			name = Debug;
		};
		53DBD0191E6FDB6D008ED93A /* Release */ = {
			isa = XCBuildConfiguration;
			buildSettings = {
				ALWAYS_SEARCH_USER_PATHS = NO;
				CLANG_ANALYZER_NONNULL = YES;
				CLANG_CXX_LANGUAGE_STANDARD = "gnu++0x";
				CLANG_CXX_LIBRARY = "libc++";
				CLANG_ENABLE_MODULES = YES;
				CLANG_ENABLE_OBJC_ARC = YES;
				CLANG_WARN_BOOL_CONVERSION = YES;
				CLANG_WARN_CONSTANT_CONVERSION = YES;
				CLANG_WARN_DIRECT_OBJC_ISA_USAGE = YES_ERROR;
				CLANG_WARN_DOCUMENTATION_COMMENTS = YES;
				CLANG_WARN_EMPTY_BODY = YES;
				CLANG_WARN_ENUM_CONVERSION = YES;
				CLANG_WARN_INFINITE_RECURSION = YES;
				CLANG_WARN_INT_CONVERSION = YES;
				CLANG_WARN_OBJC_ROOT_CLASS = YES_ERROR;
				CLANG_WARN_SUSPICIOUS_MOVE = YES;
				CLANG_WARN_UNREACHABLE_CODE = YES;
				CLANG_WARN__DUPLICATE_METHOD_MATCH = YES;
				"CODE_SIGN_IDENTITY[sdk=iphoneos*]" = "iPhone Developer";
				COPY_PHASE_STRIP = NO;
				DEBUG_INFORMATION_FORMAT = "dwarf-with-dsym";
				ENABLE_NS_ASSERTIONS = NO;
				ENABLE_STRICT_OBJC_MSGSEND = YES;
				GCC_C_LANGUAGE_STANDARD = gnu99;
				GCC_NO_COMMON_BLOCKS = YES;
				GCC_WARN_64_TO_32_BIT_CONVERSION = YES;
				GCC_WARN_ABOUT_RETURN_TYPE = YES_ERROR;
				GCC_WARN_UNDECLARED_SELECTOR = YES;
				GCC_WARN_UNINITIALIZED_AUTOS = YES_AGGRESSIVE;
				GCC_WARN_UNUSED_FUNCTION = YES;
				GCC_WARN_UNUSED_VARIABLE = YES;
				IPHONEOS_DEPLOYMENT_TARGET = 10.2;
				MTL_ENABLE_DEBUG_INFO = NO;
				SDKROOT = iphoneos;
				TARGETED_DEVICE_FAMILY = "1,2";
				VALIDATE_PRODUCT = YES;
			};
			name = Release;
		};
		53DBD01B1E6FDB6D008ED93A /* Debug */ = {
			isa = XCBuildConfiguration;
			buildSettings = {
				ASSETCATALOG_COMPILER_APPICON_NAME = AppIcon;
				INFOPLIST_FILE = MJButton/Info.plist;
				LD_RUNPATH_SEARCH_PATHS = "$(inherited) @executable_path/Frameworks";
				PRODUCT_BUNDLE_IDENTIFIER = com.MJJ.MJButton;
				PRODUCT_NAME = "$(TARGET_NAME)";
			};
			name = Debug;
		};
		53DBD01C1E6FDB6D008ED93A /* Release */ = {
			isa = XCBuildConfiguration;
			buildSettings = {
				ASSETCATALOG_COMPILER_APPICON_NAME = AppIcon;
				INFOPLIST_FILE = MJButton/Info.plist;
				LD_RUNPATH_SEARCH_PATHS = "$(inherited) @executable_path/Frameworks";
				PRODUCT_BUNDLE_IDENTIFIER = com.MJJ.MJButton;
				PRODUCT_NAME = "$(TARGET_NAME)";
			};
			name = Release;
		};
		53DBD01E1E6FDB6D008ED93A /* Debug */ = {
			isa = XCBuildConfiguration;
			buildSettings = {
				BUNDLE_LOADER = "$(TEST_HOST)";
				INFOPLIST_FILE = MJButtonTests/Info.plist;
				LD_RUNPATH_SEARCH_PATHS = "$(inherited) @executable_path/Frameworks @loader_path/Frameworks";
				PRODUCT_BUNDLE_IDENTIFIER = com.MJJ.MJButtonTests;
				PRODUCT_NAME = "$(TARGET_NAME)";
				TEST_HOST = "$(BUILT_PRODUCTS_DIR)/MJButton.app/MJButton";
			};
			name = Debug;
		};
		53DBD01F1E6FDB6D008ED93A /* Release */ = {
			isa = XCBuildConfiguration;
			buildSettings = {
				BUNDLE_LOADER = "$(TEST_HOST)";
				INFOPLIST_FILE = MJButtonTests/Info.plist;
				LD_RUNPATH_SEARCH_PATHS = "$(inherited) @executable_path/Frameworks @loader_path/Frameworks";
				PRODUCT_BUNDLE_IDENTIFIER = com.MJJ.MJButtonTests;
				PRODUCT_NAME = "$(TARGET_NAME)";
				TEST_HOST = "$(BUILT_PRODUCTS_DIR)/MJButton.app/MJButton";
			};
			name = Release;
		};
		53DBD0211E6FDB6D008ED93A /* Debug */ = {
			isa = XCBuildConfiguration;
			buildSettings = {
				INFOPLIST_FILE = MJButtonUITests/Info.plist;
				LD_RUNPATH_SEARCH_PATHS = "$(inherited) @executable_path/Frameworks @loader_path/Frameworks";
				PRODUCT_BUNDLE_IDENTIFIER = com.MJJ.MJButtonUITests;
				PRODUCT_NAME = "$(TARGET_NAME)";
				TEST_TARGET_NAME = MJButton;
			};
			name = Debug;
		};
		53DBD0221E6FDB6D008ED93A /* Release */ = {
			isa = XCBuildConfiguration;
			buildSettings = {
				INFOPLIST_FILE = MJButtonUITests/Info.plist;
				LD_RUNPATH_SEARCH_PATHS = "$(inherited) @executable_path/Frameworks @loader_path/Frameworks";
				PRODUCT_BUNDLE_IDENTIFIER = com.MJJ.MJButtonUITests;
				PRODUCT_NAME = "$(TARGET_NAME)";
				TEST_TARGET_NAME = MJButton;
			};
			name = Release;
		};
/* End XCBuildConfiguration section */

/* Begin XCConfigurationList section */
		53DBCFE81E6FDB6D008ED93A /* Build configuration list for PBXProject "MJButton" */ = {
			isa = XCConfigurationList;
			buildConfigurations = (
				53DBD0181E6FDB6D008ED93A /* Debug */,
				53DBD0191E6FDB6D008ED93A /* Release */,
			);
			defaultConfigurationIsVisible = 0;
			defaultConfigurationName = Release;
		};
		53DBD01A1E6FDB6D008ED93A /* Build configuration list for PBXNativeTarget "MJButton" */ = {
			isa = XCConfigurationList;
			buildConfigurations = (
				53DBD01B1E6FDB6D008ED93A /* Debug */,
				53DBD01C1E6FDB6D008ED93A /* Release */,
			);
			defaultConfigurationIsVisible = 0;
		};
		53DBD01D1E6FDB6D008ED93A /* Build configuration list for PBXNativeTarget "MJButtonTests" */ = {
			isa = XCConfigurationList;
			buildConfigurations = (
				53DBD01E1E6FDB6D008ED93A /* Debug */,
				53DBD01F1E6FDB6D008ED93A /* Release */,
			);
			defaultConfigurationIsVisible = 0;
		};
		53DBD0201E6FDB6D008ED93A /* Build configuration list for PBXNativeTarget "MJButtonUITests" */ = {
			isa = XCConfigurationList;
			buildConfigurations = (
				53DBD0211E6FDB6D008ED93A /* Debug */,
				53DBD0221E6FDB6D008ED93A /* Release */,
			);
			defaultConfigurationIsVisible = 0;
		};
/* End XCConfigurationList section */
	};
	rootObject = 53DBCFE51E6FDB6D008ED93A /* Project object */;
}
